
Microsoft Visual Studio Solution File, Format Version 12.00
# Visual Studio Version 17
VisualStudioVersion = 17.8.34330.188
MinimumVisualStudioVersion = 10.0.40219.1
Project("{FAE04EC0-301F-11D3-BF4B-00C04F79EFBC}") = "Collections", "Collections\Collections\Collections.csproj", "{7C0FB922-9DFF-4FAC-8D61-0EAD1756E1BA}"
EndProject
Project("{FAE04EC0-301F-11D3-BF4B-00C04F79EFBC}") = "Collections.Client", "Collections\Collections.Client\Collections.Client.csproj", "{C0DFCDBF-6549-4213-B36A-58B04F519E95}"
EndProject
Global
	GlobalSection(SolutionConfigurationPlatforms) = preSolution
		Debug|Any CPU = Debug|Any CPU
		Release|Any CPU = Release|Any CPU
	EndGlobalSection
	GlobalSection(ProjectConfigurationPlatforms) = postSolution
		{7C0FB922-9DFF-4FAC-8D61-0EAD1756E1BA}.Debug|Any CPU.ActiveCfg = Debug|Any CPU
		{7C0FB922-9DFF-4FAC-8D61-0EAD1756E1BA}.Debug|Any CPU.Build.0 = Debug|Any CPU
		{7C0FB922-9DFF-4FAC-8D61-0EAD1756E1BA}.Release|Any CPU.ActiveCfg = Release|Any CPU
		{7C0FB922-9DFF-4FAC-8D61-0EAD1756E1BA}.Release|Any CPU.Build.0 = Release|Any CPU
		{C0DFCDBF-6549-4213-B36A-58B04F519E95}.Debug|Any CPU.ActiveCfg = Debug|Any CPU
		{C0DFCDBF-6549-4213-B36A-58B04F519E95}.Debug|Any CPU.Build.0 = Debug|Any CPU
		{C0DFCDBF-6549-4213-B36A-58B04F519E95}.Release|Any CPU.ActiveCfg = Release|Any CPU
		{C0DFCDBF-6549-4213-B36A-58B04F519E95}.Release|Any CPU.Build.0 = Release|Any CPU
	EndGlobalSection
	GlobalSection(SolutionProperties) = preSolution
		HideSolutionNode = FALSE
	EndGlobalSection
	GlobalSection(ExtensibilityGlobals) = postSolution
		SolutionGuid = {3F509B0F-4B6B-4FEE-A65F-7FD073A16C55}
	EndGlobalSection
EndGlobal
